
Microsoft Visual Studio Solution File, Format Version 12.00
# Visual Studio Version 16
VisualStudioVersion = 16.0.28803.352
MinimumVisualStudioVersion = 10.0.40219.1
Project("{FAE04EC0-301F-11D3-BF4B-00C04F79EFBC}") = "VideoMonitor.Web", "VideoMonitor.Web\VideoMonitor.Web.csproj", "{BCD7A716-751B-4389-9793-503CA08B5205}"
EndProject
Project("{FAE04EC0-301F-11D3-BF4B-00C04F79EFBC}") = "VideoMonitor.Mobile", "VideoMonitor.Mobile\VideoMonitor.Mobile.csproj", "{3120DDED-1414-4DAA-AE4A-D90BAED42304}"
EndProject
Project("{FAE04EC0-301F-11D3-BF4B-00C04F79EFBC}") = "VideoMonitor.Business", "VideoMonitor.Business\VideoMonitor.Business.csproj", "{4D2B1994-2012-4F67-AAD4-3BBE1D792A37}"
EndProject
Project("{FAE04EC0-301F-11D3-BF4B-00C04F79EFBC}") = "VideoMonitor.Common", "VideoMonitor.Common\VideoMonitor.Common.csproj", "{BB42F186-59BA-4018-AC1C-7BA36B8F253C}"
EndProject
Project("{FAE04EC0-301F-11D3-BF4B-00C04F79EFBC}") = "VideoMonitor.Entities", "VideoMonitor.Entities\VideoMonitor.Entities.csproj", "{05CEC5BD-CEB3-44DF-90E0-2CB96AE78707}"
EndProject
Global
	GlobalSection(SolutionConfigurationPlatforms) = preSolution
		Debug|Any CPU = Debug|Any CPU
		Release|Any CPU = Release|Any CPU
	EndGlobalSection
	GlobalSection(ProjectConfigurationPlatforms) = postSolution
		{BCD7A716-751B-4389-9793-503CA08B5205}.Debug|Any CPU.ActiveCfg = Debug|Any CPU
		{BCD7A716-751B-4389-9793-503CA08B5205}.Debug|Any CPU.Build.0 = Debug|Any CPU
		{BCD7A716-751B-4389-9793-503CA08B5205}.Release|Any CPU.ActiveCfg = Release|Any CPU
		{BCD7A716-751B-4389-9793-503CA08B5205}.Release|Any CPU.Build.0 = Release|Any CPU
		{3120DDED-1414-4DAA-AE4A-D90BAED42304}.Debug|Any CPU.ActiveCfg = Debug|Any CPU
		{3120DDED-1414-4DAA-AE4A-D90BAED42304}.Debug|Any CPU.Build.0 = Debug|Any CPU
		{3120DDED-1414-4DAA-AE4A-D90BAED42304}.Release|Any CPU.ActiveCfg = Release|Any CPU
		{3120DDED-1414-4DAA-AE4A-D90BAED42304}.Release|Any CPU.Build.0 = Release|Any CPU
		{4D2B1994-2012-4F67-AAD4-3BBE1D792A37}.Debug|Any CPU.ActiveCfg = Debug|Any CPU
		{4D2B1994-2012-4F67-AAD4-3BBE1D792A37}.Debug|Any CPU.Build.0 = Debug|Any CPU
		{4D2B1994-2012-4F67-AAD4-3BBE1D792A37}.Release|Any CPU.ActiveCfg = Release|Any CPU
		{4D2B1994-2012-4F67-AAD4-3BBE1D792A37}.Release|Any CPU.Build.0 = Release|Any CPU
		{BB42F186-59BA-4018-AC1C-7BA36B8F253C}.Debug|Any CPU.ActiveCfg = Debug|Any CPU
		{BB42F186-59BA-4018-AC1C-7BA36B8F253C}.Debug|Any CPU.Build.0 = Debug|Any CPU
		{BB42F186-59BA-4018-AC1C-7BA36B8F253C}.Release|Any CPU.ActiveCfg = Release|Any CPU
		{BB42F186-59BA-4018-AC1C-7BA36B8F253C}.Release|Any CPU.Build.0 = Release|Any CPU
		{05CEC5BD-CEB3-44DF-90E0-2CB96AE78707}.Debug|Any CPU.ActiveCfg = Debug|Any CPU
		{05CEC5BD-CEB3-44DF-90E0-2CB96AE78707}.Debug|Any CPU.Build.0 = Debug|Any CPU
		{05CEC5BD-CEB3-44DF-90E0-2CB96AE78707}.Release|Any CPU.ActiveCfg = Release|Any CPU
		{05CEC5BD-CEB3-44DF-90E0-2CB96AE78707}.Release|Any CPU.Build.0 = Release|Any CPU
	EndGlobalSection
	GlobalSection(SolutionProperties) = preSolution
		HideSolutionNode = FALSE
	EndGlobalSection
	GlobalSection(ExtensibilityGlobals) = postSolution
		SolutionGuid = {A6B1F324-8DAB-4097-B7D4-E3C58125C742}
	EndGlobalSection
EndGlobal
